
Microsoft Visual Studio Solution File, Format Version 12.00
# Visual Studio Version 16
VisualStudioVersion = 16.0.31729.503
MinimumVisualStudioVersion = 10.0.40219.1
Project("{FAE04EC0-301F-11D3-BF4B-00C04F79EFBC}") = "Ders60_WebApi_CRUD_EFCore", "Ders60_WebApi_CRUD_EFCore\Ders60_WebApi_CRUD_EFCore.csproj", "{2481FFED-DA86-4865-A5FE-0F8BC6024ED7}"
EndProject
Global
	GlobalSection(SolutionConfigurationPlatforms) = preSolution
		Debug|Any CPU = Debug|Any CPU
		Release|Any CPU = Release|Any CPU
	EndGlobalSection
	GlobalSection(ProjectConfigurationPlatforms) = postSolution
		{2481FFED-DA86-4865-A5FE-0F8BC6024ED7}.Debug|Any CPU.ActiveCfg = Debug|Any CPU
		{2481FFED-DA86-4865-A5FE-0F8BC6024ED7}.Debug|Any CPU.Build.0 = Debug|Any CPU
		{2481FFED-DA86-4865-A5FE-0F8BC6024ED7}.Release|Any CPU.ActiveCfg = Release|Any CPU
		{2481FFED-DA86-4865-A5FE-0F8BC6024ED7}.Release|Any CPU.Build.0 = Release|Any CPU
	EndGlobalSection
	GlobalSection(SolutionProperties) = preSolution
		HideSolutionNode = FALSE
	EndGlobalSection
	GlobalSection(ExtensibilityGlobals) = postSolution
		SolutionGuid = {6434FD60-10A1-4B37-9BEC-47A714B80749}
	EndGlobalSection
EndGlobal
